// !$*UTF8*$!
{
	archiveVersion = 1;
	classes = {
	};
	objectVersion = 46;
	objects = {

/* Begin PBXBuildFile section */
		694333DE1B787BD6005ED4E3 /* AppDelegate.swift in Sources */ = {isa = PBXBuildFile; fileRef = 694333DD1B787BD6005ED4E3 /* AppDelegate.swift */; };
		694333E01B787BD6005ED4E3 /* ViewController.swift in Sources */ = {isa = PBXBuildFile; fileRef = 694333DF1B787BD6005ED4E3 /* ViewController.swift */; };
		694333E31B787BD6005ED4E3 /* Main.storyboard in Resources */ = {isa = PBXBuildFile; fileRef = 694333E11B787BD6005ED4E3 /* Main.storyboard */; };
		694333E51B787BD6005ED4E3 /* Images.xcassets in Resources */ = {isa = PBXBuildFile; fileRef = 694333E41B787BD6005ED4E3 /* Images.xcassets */; };
		694333E81B787BD6005ED4E3 /* LaunchScreen.xib in Resources */ = {isa = PBXBuildFile; fileRef = 694333E61B787BD6005ED4E3 /* LaunchScreen.xib */; };
		694333F41B787BD6005ED4E3 /* CustomIndicatorTests.swift in Sources */ = {isa = PBXBuildFile; fileRef = 694333F31B787BD6005ED4E3 /* CustomIndicatorTests.swift */; };
		694334011B787ECC005ED4E3 /* CustomActivityIndicatorView.swift in Sources */ = {isa = PBXBuildFile; fileRef = 694334001B787ECC005ED4E3 /* CustomActivityIndicatorView.swift */; };
/* End PBXBuildFile section */

/* Begin PBXContainerItemProxy section */
		694333EE1B787BD6005ED4E3 /* PBXContainerItemProxy */ = {
			isa = PBXContainerItemProxy;
			containerPortal = 694333D01B787BD5005ED4E3 /* Project object */;
			proxyType = 1;
			remoteGlobalIDString = 694333D71B787BD5005ED4E3;
			remoteInfo = CustomIndicator;
		};
/* End PBXContainerItemProxy section */

/* Begin PBXFileReference section */
		694333D81B787BD5005ED4E3 /* CustomIndicator.app */ = {isa = PBXFileReference; explicitFileType = wrapper.application; includeInIndex = 0; path = CustomIndicator.app; sourceTree = BUILT_PRODUCTS_DIR; };
		694333DC1B787BD6005ED4E3 /* Info.plist */ = {isa = PBXFileReference; lastKnownFileType = text.plist.xml; path = Info.plist; sourceTree = "<group>"; };
		694333DD1B787BD6005ED4E3 /* AppDelegate.swift */ = {isa = PBXFileReference; lastKnownFileType = sourcecode.swift; path = AppDelegate.swift; sourceTree = "<group>"; };
		694333DF1B787BD6005ED4E3 /* ViewController.swift */ = {isa = PBXFileReference; lastKnownFileType = sourcecode.swift; path = ViewController.swift; sourceTree = "<group>"; };
		694333E21B787BD6005ED4E3 /* Base */ = {isa = PBXFileReference; lastKnownFileType = file.storyboard; name = Base; path = Base.lproj/Main.storyboard; sourceTree = "<group>"; };
		694333E41B787BD6005ED4E3 /* Images.xcassets */ = {isa = PBXFileReference; lastKnownFileType = folder.assetcatalog; path = Images.xcassets; sourceTree = "<group>"; };
		694333E71B787BD6005ED4E3 /* Base */ = {isa = PBXFileReference; lastKnownFileType = file.xib; name = Base; path = Base.lproj/LaunchScreen.xib; sourceTree = "<group>"; };
		694333ED1B787BD6005ED4E3 /* CustomIndicatorTests.xctest */ = {isa = PBXFileReference; explicitFileType = wrapper.cfbundle; includeInIndex = 0; path = CustomIndicatorTests.xctest; sourceTree = BUILT_PRODUCTS_DIR; };
		694333F21B787BD6005ED4E3 /* Info.plist */ = {isa = PBXFileReference; lastKnownFileType = text.plist.xml; path = Info.plist; sourceTree = "<group>"; };
		694333F31B787BD6005ED4E3 /* CustomIndicatorTests.swift */ = {isa = PBXFileReference; lastKnownFileType = sourcecode.swift; path = CustomIndicatorTests.swift; sourceTree = "<group>"; };
		694334001B787ECC005ED4E3 /* CustomActivityIndicatorView.swift */ = {isa = PBXFileReference; fileEncoding = 4; lastKnownFileType = sourcecode.swift; path = CustomActivityIndicatorView.swift; sourceTree = "<group>"; };
/* End PBXFileReference section */

/* Begin PBXFrameworksBuildPhase section */
		694333D51B787BD5005ED4E3 /* Frameworks */ = {
			isa = PBXFrameworksBuildPhase;
			buildActionMask = 2147483647;
			files = (
			);
			runOnlyForDeploymentPostprocessing = 0;
		};
		694333EA1B787BD6005ED4E3 /* Frameworks */ = {
			isa = PBXFrameworksBuildPhase;
			buildActionMask = 2147483647;
			files = (
			);
			runOnlyForDeploymentPostprocessing = 0;
		};
/* End PBXFrameworksBuildPhase section */

/* Begin PBXGroup section */
		694333CF1B787BD5005ED4E3 = {
			isa = PBXGroup;
			children = (
				694333DA1B787BD5005ED4E3 /* CustomIndicator */,
				694333F01B787BD6005ED4E3 /* CustomIndicatorTests */,
				694333D91B787BD5005ED4E3 /* Products */,
			);
			sourceTree = "<group>";
		};
		694333D91B787BD5005ED4E3 /* Products */ = {
			isa = PBXGroup;
			children = (
				694333D81B787BD5005ED4E3 /* CustomIndicator.app */,
				694333ED1B787BD6005ED4E3 /* CustomIndicatorTests.xctest */,
			);
			name = Products;
			sourceTree = "<group>";
		};
		694333DA1B787BD5005ED4E3 /* CustomIndicator */ = {
			isa = PBXGroup;
			children = (
				694333FF1B787ECC005ED4E3 /* Source */,
				694333DD1B787BD6005ED4E3 /* AppDelegate.swift */,
				694333DF1B787BD6005ED4E3 /* ViewController.swift */,
				694333E11B787BD6005ED4E3 /* Main.storyboard */,
				694333E41B787BD6005ED4E3 /* Images.xcassets */,
				694333E61B787BD6005ED4E3 /* LaunchScreen.xib */,
				694333DB1B787BD5005ED4E3 /* Supporting Files */,
			);
			path = CustomIndicator;
			sourceTree = "<group>";
		};
		694333DB1B787BD5005ED4E3 /* Supporting Files */ = {
			isa = PBXGroup;
			children = (
				694333DC1B787BD6005ED4E3 /* Info.plist */,
			);
			name = "Supporting Files";
			sourceTree = "<group>";
		};
		694333F01B787BD6005ED4E3 /* CustomIndicatorTests */ = {
			isa = PBXGroup;
			children = (
				694333F31B787BD6005ED4E3 /* CustomIndicatorTests.swift */,
				694333F11B787BD6005ED4E3 /* Supporting Files */,
			);
			path = CustomIndicatorTests;
			sourceTree = "<group>";
		};
		694333F11B787BD6005ED4E3 /* Supporting Files */ = {
			isa = PBXGroup;
			children = (
				694333F21B787BD6005ED4E3 /* Info.plist */,
			);
			name = "Supporting Files";
			sourceTree = "<group>";
		};
		694333FF1B787ECC005ED4E3 /* Source */ = {
			isa = PBXGroup;
			children = (
				694334001B787ECC005ED4E3 /* CustomActivityIndicatorView.swift */,
			);
			path = Source;
			sourceTree = "<group>";
		};
/* End PBXGroup section */

/* Begin PBXNativeTarget section */
		694333D71B787BD5005ED4E3 /* CustomIndicator */ = {
			isa = PBXNativeTarget;
			buildConfigurationList = 694333F71B787BD6005ED4E3 /* Build configuration list for PBXNativeTarget "CustomIndicator" */;
			buildPhases = (
				694333D41B787BD5005ED4E3 /* Sources */,
				694333D51B787BD5005ED4E3 /* Frameworks */,
				694333D61B787BD5005ED4E3 /* Resources */,
			);
			buildRules = (
			);
			dependencies = (
			);
			name = CustomIndicator;
			productName = CustomIndicator;
			productReference = 694333D81B787BD5005ED4E3 /* CustomIndicator.app */;
			productType = "com.apple.product-type.application";
		};
		694333EC1B787BD6005ED4E3 /* CustomIndicatorTests */ = {
			isa = PBXNativeTarget;
			buildConfigurationList = 694333FA1B787BD6005ED4E3 /* Build configuration list for PBXNativeTarget "CustomIndicatorTests" */;
			buildPhases = (
				694333E91B787BD6005ED4E3 /* Sources */,
				694333EA1B787BD6005ED4E3 /* Frameworks */,
				694333EB1B787BD6005ED4E3 /* Resources */,
			);
			buildRules = (
			);
			dependencies = (
				694333EF1B787BD6005ED4E3 /* PBXTargetDependency */,
			);
			name = CustomIndicatorTests;
			productName = CustomIndicatorTests;
			productReference = 694333ED1B787BD6005ED4E3 /* CustomIndicatorTests.xctest */;
			productType = "com.apple.product-type.bundle.unit-test";
		};
/* End PBXNativeTarget section */

/* Begin PBXProject section */
		694333D01B787BD5005ED4E3 /* Project object */ = {
			isa = PBXProject;
			attributes = {
				LastUpgradeCheck = 0640;
				ORGANIZATIONNAME = hsusmita.com;
				TargetAttributes = {
					694333D71B787BD5005ED4E3 = {
						CreatedOnToolsVersion = 6.4;
					};
					694333EC1B787BD6005ED4E3 = {
						CreatedOnToolsVersion = 6.4;
						TestTargetID = 694333D71B787BD5005ED4E3;
					};
				};
			};
			buildConfigurationList = 694333D31B787BD5005ED4E3 /* Build configuration list for PBXProject "CustomIndicator" */;
			compatibilityVersion = "Xcode 3.2";
			developmentRegion = English;
			hasScannedForEncodings = 0;
			knownRegions = (
				en,
				Base,
			);
			mainGroup = 694333CF1B787BD5005ED4E3;
			productRefGroup = 694333D91B787BD5005ED4E3 /* Products */;
			projectDirPath = "";
			projectRoot = "";
			targets = (
				694333D71B787BD5005ED4E3 /* CustomIndicator */,
				694333EC1B787BD6005ED4E3 /* CustomIndicatorTests */,
			);
		};
/* End PBXProject section */

/* Begin PBXResourcesBuildPhase section */
		694333D61B787BD5005ED4E3 /* Resources */ = {
			isa = PBXResourcesBuildPhase;
			buildActionMask = 2147483647;
			files = (
				694333E31B787BD6005ED4E3 /* Main.storyboard in Resources */,
				694333E81B787BD6005ED4E3 /* LaunchScreen.xib in Resources */,
				694333E51B787BD6005ED4E3 /* Images.xcassets in Resources */,
			);
			runOnlyForDeploymentPostprocessing = 0;
		};
		694333EB1B787BD6005ED4E3 /* Resources */ = {
			isa = PBXResourcesBuildPhase;
			buildActionMask = 2147483647;
			files = (
			);
			runOnlyForDeploymentPostprocessing = 0;
		};
/* End PBXResourcesBuildPhase section */

/* Begin PBXSourcesBuildPhase section */
		694333D41B787BD5005ED4E3 /* Sources */ = {
			isa = PBXSourcesBuildPhase;
			buildActionMask = 2147483647;
			files = (
				694334011B787ECC005ED4E3 /* CustomActivityIndicatorView.swift in Sources */,
				694333E01B787BD6005ED4E3 /* ViewController.swift in Sources */,
				694333DE1B787BD6005ED4E3 /* AppDelegate.swift in Sources */,
			);
			runOnlyForDeploymentPostprocessing = 0;
		};
		694333E91B787BD6005ED4E3 /* Sources */ = {
			isa = PBXSourcesBuildPhase;
			buildActionMask = 2147483647;
			files = (
				694333F41B787BD6005ED4E3 /* CustomIndicatorTests.swift in Sources */,
			);
			runOnlyForDeploymentPostprocessing = 0;
		};
/* End PBXSourcesBuildPhase section */

/* Begin PBXTargetDependency section */
		694333EF1B787BD6005ED4E3 /* PBXTargetDependency */ = {
			isa = PBXTargetDependency;
			target = 694333D71B787BD5005ED4E3 /* CustomIndicator */;
			targetProxy = 694333EE1B787BD6005ED4E3 /* PBXContainerItemProxy */;
		};
/* End PBXTargetDependency section */

/* Begin PBXVariantGroup section */
		694333E11B787BD6005ED4E3 /* Main.storyboard */ = {
			isa = PBXVariantGroup;
			children = (
				694333E21B787BD6005ED4E3 /* Base */,
			);
			name = Main.storyboard;
			sourceTree = "<group>";
		};
		694333E61B787BD6005ED4E3 /* LaunchScreen.xib */ = {
			isa = PBXVariantGroup;
			children = (
				694333E71B787BD6005ED4E3 /* Base */,
			);
			name = LaunchScreen.xib;
			sourceTree = "<group>";
		};
/* End PBXVariantGroup section */

/* Begin XCBuildConfiguration section */
		694333F51B787BD6005ED4E3 /* Debug */ = {
			isa = XCBuildConfiguration;
			buildSettings = {
				ALWAYS_SEARCH_USER_PATHS = NO;
				CLANG_CXX_LANGUAGE_STANDARD = "gnu++0x";
				CLANG_CXX_LIBRARY = "libc++";
				CLANG_ENABLE_MODULES = YES;
				CLANG_ENABLE_OBJC_ARC = YES;
				CLANG_WARN_BOOL_CONVERSION = YES;
				CLANG_WARN_CONSTANT_CONVERSION = YES;
				CLANG_WARN_DIRECT_OBJC_ISA_USAGE = YES_ERROR;
				CLANG_WARN_EMPTY_BODY = YES;
				CLANG_WARN_ENUM_CONVERSION = YES;
				CLANG_WARN_INT_CONVERSION = YES;
				CLANG_WARN_OBJC_ROOT_CLASS = YES_ERROR;
				CLANG_WARN_UNREACHABLE_CODE = YES;
				CLANG_WARN__DUPLICATE_METHOD_MATCH = YES;
				"CODE_SIGN_IDENTITY[sdk=iphoneos*]" = "iPhone Developer";
				COPY_PHASE_STRIP = NO;
				DEBUG_INFORMATION_FORMAT = "dwarf-with-dsym";
				ENABLE_STRICT_OBJC_MSGSEND = YES;
				GCC_C_LANGUAGE_STANDARD = gnu99;
				GCC_DYNAMIC_NO_PIC = NO;
				GCC_NO_COMMON_BLOCKS = YES;
				GCC_OPTIMIZATION_LEVEL = 0;
				GCC_PREPROCESSOR_DEFINITIONS = (
					"DEBUG=1",
					"$(inherited)",
				);
				GCC_SYMBOLS_PRIVATE_EXTERN = NO;
				GCC_WARN_64_TO_32_BIT_CONVERSION = YES;
				GCC_WARN_ABOUT_RETURN_TYPE = YES_ERROR;
				GCC_WARN_UNDECLARED_SELECTOR = YES;
				GCC_WARN_UNINITIALIZED_AUTOS = YES_AGGRESSIVE;
				GCC_WARN_UNUSED_FUNCTION = YES;
				GCC_WARN_UNUSED_VARIABLE = YES;
				IPHONEOS_DEPLOYMENT_TARGET = 8.4;
				MTL_ENABLE_DEBUG_INFO = YES;
				ONLY_ACTIVE_ARCH = YES;
				SDKROOT = iphoneos;
				SWIFT_OPTIMIZATION_LEVEL = "-Onone";
				TARGETED_DEVICE_FAMILY = "1,2";
			};
			name = Debug;
		};
		694333F61B787BD6005ED4E3 /* Release */ = {
			isa = XCBuildConfiguration;
			buildSettings = {
				ALWAYS_SEARCH_USER_PATHS = NO;
				CLANG_CXX_LANGUAGE_STANDARD = "gnu++0x";
				CLANG_CXX_LIBRARY = "libc++";
				CLANG_ENABLE_MODULES = YES;
				CLANG_ENABLE_OBJC_ARC = YES;
				CLANG_WARN_BOOL_CONVERSION = YES;
				CLANG_WARN_CONSTANT_CONVERSION = YES;
				CLANG_WARN_DIRECT_OBJC_ISA_USAGE = YES_ERROR;
				CLANG_WARN_EMPTY_BODY = YES;
				CLANG_WARN_ENUM_CONVERSION = YES;
				CLANG_WARN_INT_CONVERSION = YES;
				CLANG_WARN_OBJC_ROOT_CLASS = YES_ERROR;
				CLANG_WARN_UNREACHABLE_CODE = YES;
				CLANG_WARN__DUPLICATE_METHOD_MATCH = YES;
				"CODE_SIGN_IDENTITY[sdk=iphoneos*]" = "iPhone Developer";
				COPY_PHASE_STRIP = NO;
				DEBUG_INFORMATION_FORMAT = "dwarf-with-dsym";
				ENABLE_NS_ASSERTIONS = NO;
				ENABLE_STRICT_OBJC_MSGSEND = YES;
				GCC_C_LANGUAGE_STANDARD = gnu99;
				GCC_NO_COMMON_BLOCKS = YES;
				GCC_WARN_64_TO_32_BIT_CONVERSION = YES;
				GCC_WARN_ABOUT_RETURN_TYPE = YES_ERROR;
				GCC_WARN_UNDECLARED_SELECTOR = YES;
				GCC_WARN_UNINITIALIZED_AUTOS = YES_AGGRESSIVE;
				GCC_WARN_UNUSED_FUNCTION = YES;
				GCC_WARN_UNUSED_VARIABLE = YES;
				IPHONEOS_DEPLOYMENT_TARGET = 8.4;
				MTL_ENABLE_DEBUG_INFO = NO;
				SDKROOT = iphoneos;
				TARGETED_DEVICE_FAMILY = "1,2";
				VALIDATE_PRODUCT = YES;
			};
			name = Release;
		};
		694333F81B787BD6005ED4E3 /* Debug */ = {
			isa = XCBuildConfiguration;
			buildSettings = {
				ASSETCATALOG_COMPILER_APPICON_NAME = AppIcon;
				INFOPLIST_FILE = CustomIndicator/Info.plist;
				LD_RUNPATH_SEARCH_PATHS = "$(inherited) @executable_path/Frameworks";
				PRODUCT_NAME = "$(TARGET_NAME)";
			};
			name = Debug;
		};
		694333F91B787BD6005ED4E3 /* Release */ = {
			isa = XCBuildConfiguration;
			buildSettings = {
				ASSETCATALOG_COMPILER_APPICON_NAME = AppIcon;
				INFOPLIST_FILE = CustomIndicator/Info.plist;
				LD_RUNPATH_SEARCH_PATHS = "$(inherited) @executable_path/Frameworks";
				PRODUCT_NAME = "$(TARGET_NAME)";
			};
			name = Release;
		};
		694333FB1B787BD6005ED4E3 /* Debug */ = {
			isa = XCBuildConfiguration;
			buildSettings = {
				BUNDLE_LOADER = "$(TEST_HOST)";
				FRAMEWORK_SEARCH_PATHS = (
					"$(SDKROOT)/Developer/Library/Frameworks",
					"$(inherited)",
				);
				GCC_PREPROCESSOR_DEFINITIONS = (
					"DEBUG=1",
					"$(inherited)",
				);
				INFOPLIST_FILE = CustomIndicatorTests/Info.plist;
				LD_RUNPATH_SEARCH_PATHS = "$(inherited) @executable_path/Frameworks @loader_path/Frameworks";
				PRODUCT_NAME = "$(TARGET_NAME)";
				TEST_HOST = "$(BUILT_PRODUCTS_DIR)/CustomIndicator.app/CustomIndicator";
			};
			name = Debug;
		};
		694333FC1B787BD6005ED4E3 /* Release */ = {
			isa = XCBuildConfiguration;
			buildSettings = {
				BUNDLE_LOADER = "$(TEST_HOST)";
				FRAMEWORK_SEARCH_PATHS = (
					"$(SDKROOT)/Developer/Library/Frameworks",
					"$(inherited)",
				);
				INFOPLIST_FILE = CustomIndicatorTests/Info.plist;
				LD_RUNPATH_SEARCH_PATHS = "$(inherited) @executable_path/Frameworks @loader_path/Frameworks";
				PRODUCT_NAME = "$(TARGET_NAME)";
				TEST_HOST = "$(BUILT_PRODUCTS_DIR)/CustomIndicator.app/CustomIndicator";
			};
			name = Release;
		};
/* End XCBuildConfiguration section */

/* Begin XCConfigurationList section */
		694333D31B787BD5005ED4E3 /* Build configuration list for PBXProject "CustomIndicator" */ = {
			isa = XCConfigurationList;
			buildConfigurations = (
				694333F51B787BD6005ED4E3 /* Debug */,
				694333F61B787BD6005ED4E3 /* Release */,
			);
			defaultConfigurationIsVisible = 0;
			defaultConfigurationName = Release;
		};
		694333F71B787BD6005ED4E3 /* Build configuration list for PBXNativeTarget "CustomIndicator" */ = {
			isa = XCConfigurationList;
			buildConfigurations = (
				694333F81B787BD6005ED4E3 /* Debug */,
				694333F91B787BD6005ED4E3 /* Release */,
			);
			defaultConfigurationIsVisible = 0;
		};
		694333FA1B787BD6005ED4E3 /* Build configuration list for PBXNativeTarget "CustomIndicatorTests" */ = {
			isa = XCConfigurationList;
			buildConfigurations = (
				694333FB1B787BD6005ED4E3 /* Debug */,
				694333FC1B787BD6005ED4E3 /* Release */,
			);
			defaultConfigurationIsVisible = 0;
		};
/* End XCConfigurationList section */
	};
	rootObject = 694333D01B787BD5005ED4E3 /* Project object */;
}
